
Microsoft Visual Studio Solution File, Format Version 12.00
# Visual Studio Version 16
VisualStudioVersion = 16.0.31515.178
MinimumVisualStudioVersion = 10.0.40219.1
Project("{9A19103F-16F7-4668-BE54-9A1E7A4F7556}") = "CodeMazeWebApi", "CodeMazeWebApi\CodeMazeWebApi.csproj", "{8F8CADF4-E284-4184-8DFC-2B128E948834}"
EndProject
Project("{9A19103F-16F7-4668-BE54-9A1E7A4F7556}") = "Contracts", "Contracts\Contracts.csproj", "{0E2F852E-C544-4BD5-BC54-7360867413C9}"
EndProject
Project("{9A19103F-16F7-4668-BE54-9A1E7A4F7556}") = "LoggerService", "LoggerService\LoggerService.csproj", "{8D1483F2-5993-4B99-AC78-3A4800E9CBEE}"
EndProject
Project("{FAE04EC0-301F-11D3-BF4B-00C04F79EFBC}") = "Entities", "Entities\Entities.csproj", "{618289CB-2314-4565-929B-EED231D1A77C}"
EndProject
Project("{FAE04EC0-301F-11D3-BF4B-00C04F79EFBC}") = "Repository", "Repository\Repository.csproj", "{7D2C3CEB-9D44-4CDA-A7CE-17C380500361}"
EndProject
Global
	GlobalSection(SolutionConfigurationPlatforms) = preSolution
		Debug|Any CPU = Debug|Any CPU
		Release|Any CPU = Release|Any CPU
	EndGlobalSection
	GlobalSection(ProjectConfigurationPlatforms) = postSolution
		{8F8CADF4-E284-4184-8DFC-2B128E948834}.Debug|Any CPU.ActiveCfg = Debug|Any CPU
		{8F8CADF4-E284-4184-8DFC-2B128E948834}.Debug|Any CPU.Build.0 = Debug|Any CPU
		{8F8CADF4-E284-4184-8DFC-2B128E948834}.Release|Any CPU.ActiveCfg = Release|Any CPU
		{8F8CADF4-E284-4184-8DFC-2B128E948834}.Release|Any CPU.Build.0 = Release|Any CPU
		{0E2F852E-C544-4BD5-BC54-7360867413C9}.Debug|Any CPU.ActiveCfg = Debug|Any CPU
		{0E2F852E-C544-4BD5-BC54-7360867413C9}.Debug|Any CPU.Build.0 = Debug|Any CPU
		{0E2F852E-C544-4BD5-BC54-7360867413C9}.Release|Any CPU.ActiveCfg = Release|Any CPU
		{0E2F852E-C544-4BD5-BC54-7360867413C9}.Release|Any CPU.Build.0 = Release|Any CPU
		{8D1483F2-5993-4B99-AC78-3A4800E9CBEE}.Debug|Any CPU.ActiveCfg = Debug|Any CPU
		{8D1483F2-5993-4B99-AC78-3A4800E9CBEE}.Debug|Any CPU.Build.0 = Debug|Any CPU
		{8D1483F2-5993-4B99-AC78-3A4800E9CBEE}.Release|Any CPU.ActiveCfg = Release|Any CPU
		{8D1483F2-5993-4B99-AC78-3A4800E9CBEE}.Release|Any CPU.Build.0 = Release|Any CPU
		{618289CB-2314-4565-929B-EED231D1A77C}.Debug|Any CPU.ActiveCfg = Debug|Any CPU
		{618289CB-2314-4565-929B-EED231D1A77C}.Debug|Any CPU.Build.0 = Debug|Any CPU
		{618289CB-2314-4565-929B-EED231D1A77C}.Release|Any CPU.ActiveCfg = Release|Any CPU
		{618289CB-2314-4565-929B-EED231D1A77C}.Release|Any CPU.Build.0 = Release|Any CPU
		{7D2C3CEB-9D44-4CDA-A7CE-17C380500361}.Debug|Any CPU.ActiveCfg = Debug|Any CPU
		{7D2C3CEB-9D44-4CDA-A7CE-17C380500361}.Debug|Any CPU.Build.0 = Debug|Any CPU
		{7D2C3CEB-9D44-4CDA-A7CE-17C380500361}.Release|Any CPU.ActiveCfg = Release|Any CPU
		{7D2C3CEB-9D44-4CDA-A7CE-17C380500361}.Release|Any CPU.Build.0 = Release|Any CPU
	EndGlobalSection
	GlobalSection(SolutionProperties) = preSolution
		HideSolutionNode = FALSE
	EndGlobalSection
	GlobalSection(ExtensibilityGlobals) = postSolution
		SolutionGuid = {D54A5AA7-BD4D-4CB0-A6B2-E2DC5F23B925}
	EndGlobalSection
EndGlobal
